
Microsoft Visual Studio Solution File, Format Version 12.00
Project("{FAE04EC0-301F-11D3-BF4B-00C04F79EFBC}") = "Lab_24.1", "Lab_24.1\Lab_24.1.csproj", "{3AE3E94C-2F77-4522-BE4E-325D6992EACC}"
EndProject
Project("{FAE04EC0-301F-11D3-BF4B-00C04F79EFBC}") = "Lab_24.2", "..\Lab_24.2\Lab_24.2\Lab_24.2.csproj", "{C0E657BC-1267-4154-855C-CAD8F277CCEB}"
EndProject
Project("{FAE04EC0-301F-11D3-BF4B-00C04F79EFBC}") = "Lab_24.4", "Lab_24.4\Lab_24.4.csproj", "{8E0FCAB6-9724-4AAF-8C2A-1CFDC19CCCC2}"
EndProject
Global
	GlobalSection(SolutionConfigurationPlatforms) = preSolution
		Debug|Any CPU = Debug|Any CPU
		Release|Any CPU = Release|Any CPU
	EndGlobalSection
	GlobalSection(ProjectConfigurationPlatforms) = postSolution
		{3AE3E94C-2F77-4522-BE4E-325D6992EACC}.Debug|Any CPU.ActiveCfg = Debug|Any CPU
		{3AE3E94C-2F77-4522-BE4E-325D6992EACC}.Debug|Any CPU.Build.0 = Debug|Any CPU
		{3AE3E94C-2F77-4522-BE4E-325D6992EACC}.Release|Any CPU.ActiveCfg = Release|Any CPU
		{3AE3E94C-2F77-4522-BE4E-325D6992EACC}.Release|Any CPU.Build.0 = Release|Any CPU
		{C0E657BC-1267-4154-855C-CAD8F277CCEB}.Debug|Any CPU.ActiveCfg = Debug|Any CPU
		{C0E657BC-1267-4154-855C-CAD8F277CCEB}.Debug|Any CPU.Build.0 = Debug|Any CPU
		{C0E657BC-1267-4154-855C-CAD8F277CCEB}.Release|Any CPU.ActiveCfg = Release|Any CPU
		{C0E657BC-1267-4154-855C-CAD8F277CCEB}.Release|Any CPU.Build.0 = Release|Any CPU
		{8E0FCAB6-9724-4AAF-8C2A-1CFDC19CCCC2}.Debug|Any CPU.ActiveCfg = Debug|Any CPU
		{8E0FCAB6-9724-4AAF-8C2A-1CFDC19CCCC2}.Debug|Any CPU.Build.0 = Debug|Any CPU
		{8E0FCAB6-9724-4AAF-8C2A-1CFDC19CCCC2}.Release|Any CPU.ActiveCfg = Release|Any CPU
		{8E0FCAB6-9724-4AAF-8C2A-1CFDC19CCCC2}.Release|Any CPU.Build.0 = Release|Any CPU
	EndGlobalSection
EndGlobal
